
Microsoft Visual Studio Solution File, Format Version 12.00
# Visual Studio 15
VisualStudioVersion = 15.0.27130.2027
MinimumVisualStudioVersion = 10.0.40219.1
Project("{FAE04EC0-301F-11D3-BF4B-00C04F79EFBC}") = "Rentals", "Rentals.csproj", "{C1D59743-A6A6-4914-BF6A-243D2517E316}"
EndProject
Project("{FAE04EC0-301F-11D3-BF4B-00C04F79EFBC}") = "SQLConnection", "..\SQLConnection\SQLConnection.csproj", "{90792F0D-AE9C-493A-950B-23A9CCC1EE32}"
EndProject
Project("{FAE04EC0-301F-11D3-BF4B-00C04F79EFBC}") = "SQLController", "SQLController\SQLController.csproj", "{4F837B70-3ABE-449A-87B5-540029127ED4}"
EndProject
Global
	GlobalSection(SolutionConfigurationPlatforms) = preSolution
		Debug|Any CPU = Debug|Any CPU
		Release|Any CPU = Release|Any CPU
	EndGlobalSection
	GlobalSection(ProjectConfigurationPlatforms) = postSolution
		{C1D59743-A6A6-4914-BF6A-243D2517E316}.Debug|Any CPU.ActiveCfg = Debug|Any CPU
		{C1D59743-A6A6-4914-BF6A-243D2517E316}.Debug|Any CPU.Build.0 = Debug|Any CPU
		{C1D59743-A6A6-4914-BF6A-243D2517E316}.Release|Any CPU.ActiveCfg = Release|Any CPU
		{C1D59743-A6A6-4914-BF6A-243D2517E316}.Release|Any CPU.Build.0 = Release|Any CPU
		{90792F0D-AE9C-493A-950B-23A9CCC1EE32}.Debug|Any CPU.ActiveCfg = Debug|Any CPU
		{90792F0D-AE9C-493A-950B-23A9CCC1EE32}.Debug|Any CPU.Build.0 = Debug|Any CPU
		{90792F0D-AE9C-493A-950B-23A9CCC1EE32}.Release|Any CPU.ActiveCfg = Release|Any CPU
		{90792F0D-AE9C-493A-950B-23A9CCC1EE32}.Release|Any CPU.Build.0 = Release|Any CPU
		{4F837B70-3ABE-449A-87B5-540029127ED4}.Debug|Any CPU.ActiveCfg = Debug|Any CPU
		{4F837B70-3ABE-449A-87B5-540029127ED4}.Debug|Any CPU.Build.0 = Debug|Any CPU
		{4F837B70-3ABE-449A-87B5-540029127ED4}.Release|Any CPU.ActiveCfg = Release|Any CPU
		{4F837B70-3ABE-449A-87B5-540029127ED4}.Release|Any CPU.Build.0 = Release|Any CPU
	EndGlobalSection
	GlobalSection(SolutionProperties) = preSolution
		HideSolutionNode = FALSE
	EndGlobalSection
	GlobalSection(ExtensibilityGlobals) = postSolution
		SolutionGuid = {4DE3FF93-2B77-4093-B171-5B20A8D90437}
	EndGlobalSection
EndGlobal
